
Microsoft Visual Studio Solution File, Format Version 12.00
# Visual Studio Version 16
VisualStudioVersion = 16.0.29025.244
MinimumVisualStudioVersion = 10.0.40219.1
Project("{FAE04EC0-301F-11D3-BF4B-00C04F79EFBC}") = "EmployeeManagementSystem", "EmployeeManagementSystem.csproj", "{12C74513-F920-4E62-85AD-29FD639EFEE8}"
EndProject
Global
	GlobalSection(SolutionConfigurationPlatforms) = preSolution
		Debug|Any CPU = Debug|Any CPU
		Release|Any CPU = Release|Any CPU
	EndGlobalSection
	GlobalSection(ProjectConfigurationPlatforms) = postSolution
		{12C74513-F920-4E62-85AD-29FD639EFEE8}.Debug|Any CPU.ActiveCfg = Debug|Any CPU
		{12C74513-F920-4E62-85AD-29FD639EFEE8}.Debug|Any CPU.Build.0 = Debug|Any CPU
		{12C74513-F920-4E62-85AD-29FD639EFEE8}.Release|Any CPU.ActiveCfg = Release|Any CPU
		{12C74513-F920-4E62-85AD-29FD639EFEE8}.Release|Any CPU.Build.0 = Release|Any CPU
	EndGlobalSection
	GlobalSection(SolutionProperties) = preSolution
		HideSolutionNode = FALSE
	EndGlobalSection
	GlobalSection(ExtensibilityGlobals) = postSolution
		SolutionGuid = {8229F65F-3517-49BC-97DE-E20FE58028A5}
	EndGlobalSection
EndGlobal
